
Microsoft Visual Studio Solution File, Format Version 12.00
# Visual Studio 16
Project("{FAE04EC0-301F-11D3-BF4B-00C04F79EFBC}") = "VuforiaScripts", "VuforiaScripts.csproj", "{7A5F9277-4F12-D7A4-CA2F-F6B8E4125192}"
EndProject
Project("{FAE04EC0-301F-11D3-BF4B-00C04F79EFBC}") = "Assembly-CSharp", "Assembly-CSharp.csproj", "{A4E5EEB6-F74C-AA06-E4E8-9FA573B11F98}"
EndProject
Project("{FAE04EC0-301F-11D3-BF4B-00C04F79EFBC}") = "VuforiaEditorScripts", "VuforiaEditorScripts.csproj", "{485A6DB5-89F7-B864-222D-BCC9262AF2FB}"
EndProject
Global
	GlobalSection(SolutionConfigurationPlatforms) = preSolution
		Debug|Any CPU = Debug|Any CPU
		Release|Any CPU = Release|Any CPU
	EndGlobalSection
	GlobalSection(ProjectConfigurationPlatforms) = postSolution
		{7A5F9277-4F12-D7A4-CA2F-F6B8E4125192}.Debug|Any CPU.ActiveCfg = Debug|Any CPU
		{7A5F9277-4F12-D7A4-CA2F-F6B8E4125192}.Debug|Any CPU.Build.0 = Debug|Any CPU
		{7A5F9277-4F12-D7A4-CA2F-F6B8E4125192}.Release|Any CPU.ActiveCfg = Release|Any CPU
		{7A5F9277-4F12-D7A4-CA2F-F6B8E4125192}.Release|Any CPU.Build.0 = Release|Any CPU
		{A4E5EEB6-F74C-AA06-E4E8-9FA573B11F98}.Debug|Any CPU.ActiveCfg = Debug|Any CPU
		{A4E5EEB6-F74C-AA06-E4E8-9FA573B11F98}.Debug|Any CPU.Build.0 = Debug|Any CPU
		{A4E5EEB6-F74C-AA06-E4E8-9FA573B11F98}.Release|Any CPU.ActiveCfg = Release|Any CPU
		{A4E5EEB6-F74C-AA06-E4E8-9FA573B11F98}.Release|Any CPU.Build.0 = Release|Any CPU
		{485A6DB5-89F7-B864-222D-BCC9262AF2FB}.Debug|Any CPU.ActiveCfg = Debug|Any CPU
		{485A6DB5-89F7-B864-222D-BCC9262AF2FB}.Debug|Any CPU.Build.0 = Debug|Any CPU
		{485A6DB5-89F7-B864-222D-BCC9262AF2FB}.Release|Any CPU.ActiveCfg = Release|Any CPU
		{485A6DB5-89F7-B864-222D-BCC9262AF2FB}.Release|Any CPU.Build.0 = Release|Any CPU
	EndGlobalSection
	GlobalSection(SolutionProperties) = preSolution
		HideSolutionNode = FALSE
	EndGlobalSection
	GlobalSection(MonoDevelopProperties) = preSolution
		StartupItem = Assembly-CSharp.csproj
	EndGlobalSection
EndGlobal
