//working with 3 virtual buttons....

using System.Collections;
using System.Collections.Generic;
using UnityEngine;
using Vuforia;

public class new_script : MonoBehaviour,IVirtualButtonEventHandler
{
    public GameObject cube, sphere, cap;
    string vbName;
    VirtualButtonBehaviour[] vrb;

    void Start()
    {
        vrb = GetComponentsInChildren<VirtualButtonBehaviour>();
        for (int i = 0; i < vrb.Length; i++)
        {
            vrb[i].RegisterEventHandler(this);
        }
            

        cube.SetActive(false);
        sphere.SetActive(false);
        cap.SetActive(false);
    }
    void IVirtualButtonEventHandler.OnButtonPressed(VirtualButtonBehaviour vb)
    {
        vbName = vb.VirtualButtonName;
        if(vbName=="VirtualButton1")
        {
            cube.SetActive(true);
            sphere.SetActive(false);
            cap.SetActive(false);
            Debug.Log("yellow");

        }
        else if (vbName=="VirtualButton2")
        {
            cube.SetActive(false);
            sphere.SetActive(true);
            cap.SetActive(false);
            Debug.Log("Red");
        }
        else if (vbName == "VirtualButtonChange")
        {
            cube.SetActive(false);
            sphere.SetActive(false);
            cap.SetActive(true);
            Debug.Log("Blue");
        }
    }
    void IVirtualButtonEventHandler.OnButtonReleased(VirtualButtonBehaviour vb)
    {

    }
    }


