//code to perform the 4 arithmetic operations.....
 
using System.Collections;
using System.Collections.Generic;
using UnityEngine;
using UnityEngine.UI;
using System;

public class calc : MonoBehaviour
{
    // Start is called before the first frame update
    public InputField Field1;
    public InputField Field2;
    public Text Result;

    public int Field1X;

    public int Field2X;

    // Start is called before the first frame update
    void Start()
    {
       Result.text = "";
       Result.text = "";
        Result.text = "";
        Result.text = "";


    }

    public void Get_info1()
    {
        Field1X = int.Parse(Field1.text);
    }

    public void Get_info2()
    {
        Field2X = int.Parse(Field2.text);
    }


    public void Sum()
    {
        int a = Convert.ToInt32(Field1.text);
        int b = Convert.ToInt32(Field2.text);
        int c = a + b;
        Result.text = c.ToString();
    }

    public void Subs()
    {
        int a = Convert.ToInt32(Field1.text);
        int b = Convert.ToInt32(Field2.text);
        int d;
        if (a > b)
            d = a - b;
        else
            d = b - a;
        Result.text = d.ToString();
    }

    public void Div()
    {
        int a = Convert.ToInt32(Field1.text);
        int b = Convert.ToInt32(Field2.text);
        int o = a / b;
        Result.text = o.ToString();
    }

    public void Product()
    {
        int a = Convert.ToInt32(Field1.text);
        int b = Convert.ToInt32(Field2.text);
        int e = a * b;
        Result.text = e.ToString();
    }

}

    
