//A number guessing game......
 
using System.Collections;
using System.Collections.Generic;
using UnityEngine;
using UnityEngine.UI;

public class guess_script : MonoBehaviour
{
    public Text guessText;
    int min_Guess = 1;
    int max_Guess = 1000;
    int guess;

    // Start is called before the first frame update
    void Start()
    {
        guess = Random.Range(min_Guess, max_Guess);
        nextguess();
    }

    private void nextguess()
    {
        guessText.text = guess.ToString();
    }
    public void OnPressHigher()
    {
        min_Guess = guess;
        guess = Random.Range(min_Guess, max_Guess);
        guessText.text = guess.ToString();
    }

    public void OnPressLower()
    {
        max_Guess = guess;
        guess = Random.Range(min_Guess, max_Guess);
        guessText.text = guess.ToString();
    }


}

