//moving a car

using System.Collections;
using System.Collections.Generic;
using UnityEngine;

public class carmove : MonoBehaviour
{
    Rigidbody car;
    float xChange, zChange;

    // Start is called before the first frame update
    void Start()
    {
        car = GetComponent<Rigidbody>();
    }

    // Update is called once per frame
    void Update()
    {
        xChange = Input.GetAxis("Horizontal")*5;
        zChange = Input.GetAxis("Vertical")*5;
        Vector3 velocity = car.velocity;
        velocity.x = xChange;
        velocity.z = zChange;
        car.velocity = velocity;


    }
}
