
using System.Collections;
using System.Collections.Generic;
using UnityEngine;
using Firebase;
using Firebase.Database;
using Firebase.Unity.Editor;
using UnityEngine.UI;
public class NewBehavfirebase_octiourScript : MonoBehaviour
{
    private DatabaseReference reef;//reef is the name of gameobject
    int a = 50;
    // Start is called before the first frame update
    void Start()
    {
        
        FirebaseApp.DefaultInstance.SetEditorDatabaseUrl("https://debanjana-69a1b.firebaseio.com/"); //very important to provide the location of the database
        reef = FirebaseDatabase.DefaultInstance.GetReference("a");//give the refferance of the immediate child

    }

    // Update is called once per frame
    void Update()
    {
        
    }

    public void onclickbutton()
    {
        a -= 5;//to change the value
        reef.SetValueAsync(a);
    }

}
