// Working with two virtual buttons to play videos on two individual objects.....
 
using System.Collections;
using System.Collections.Generic;
using UnityEngine;
using Vuforia;
public class video : MonoBehaviour,IVirtualButtonEventHandler
   
{
    public GameObject cu, sp;
    VirtualButtonBehaviour vrb;

    // Start is called before the first frame update
    void Start()
    {
        vrb = GetComponentInChildren<VirtualButtonBehaviour>();
        vrb.RegisterEventHandler(this);
        cu.SetActive(true);
        sp.SetActive(false);

    }


    // Update is called once per frame
    void Update()
    {
        
    }
   
    void IVirtualButtonEventHandler.OnButtonPressed(VirtualButtonBehaviour vb)

    {
        cu.SetActive(false);
        sp.SetActive(true);

    }

    void IVirtualButtonEventHandler.OnButtonReleased(VirtualButtonBehaviour vb)
    {
        cu.SetActive(true);
        sp.SetActive(false);

    }
}
